Microsoft Visual Studio Solution File, Format Version 12.00
# Visual Studio 15
VisualStudioVersion = 15.0.27428.2015
MinimumVisualStudioVersion = 10.0.40219.1
Project("{9A19103F-16F7-4668-BE54-9A1E7A4F7556}") = "SocialNet", "SocialNet\SocialNet.csproj", "{2C6810E6-8302-40FD-9BCC-8245E847BAEA}"
EndProject
Project("{9A19103F-16F7-4668-BE54-9A1E7A4F7556}") = "SocialNet.Tests", "SocialNet.Tests\SocialNet.Tests.csproj", "{F8515B63-A5EF-43F0-A64B-F8F0EC198230}"
EndProject
Global
	GlobalSection(SolutionConfigurationPlatforms) = preSolution
		Debug|Any CPU = Debug|Any CPU
		Debug|x64 = Debug|x64
		Debug|x86 = Debug|x86
		Release|Any CPU = Release|Any CPU
		Release|x64 = Release|x64
		Release|x86 = Release|x86
	EndGlobalSection
	GlobalSection(ProjectConfigurationPlatforms) = postSolution
		{2C6810E6-8302-40FD-9BCC-8245E847BAEA}.Debug|Any CPU.ActiveCfg = Debug|Any CPU
		{2C6810E6-8302-40FD-9BCC-8245E847BAEA}.Debug|Any CPU.Build.0 = Debug|Any CPU
		{2C6810E6-8302-40FD-9BCC-8245E847BAEA}.Debug|x64.ActiveCfg = Debug|Any CPU
		{2C6810E6-8302-40FD-9BCC-8245E847BAEA}.Debug|x64.Build.0 = Debug|Any CPU
		{2C6810E6-8302-40FD-9BCC-8245E847BAEA}.Debug|x86.ActiveCfg = Debug|Any CPU
		{2C6810E6-8302-40FD-9BCC-8245E847BAEA}.Debug|x86.Build.0 = Debug|Any CPU
		{2C6810E6-8302-40FD-9BCC-8245E847BAEA}.Release|Any CPU.ActiveCfg = Release|Any CPU
		{2C6810E6-8302-40FD-9BCC-8245E847BAEA}.Release|Any CPU.Build.0 = Release|Any CPU
		{2C6810E6-8302-40FD-9BCC-8245E847BAEA}.Release|x64.ActiveCfg = Release|Any CPU
		{2C6810E6-8302-40FD-9BCC-8245E847BAEA}.Release|x64.Build.0 = Release|Any CPU
		{2C6810E6-8302-40FD-9BCC-8245E847BAEA}.Release|x86.ActiveCfg = Release|Any CPU
		{2C6810E6-8302-40FD-9BCC-8245E847BAEA}.Release|x86.Build.0 = Release|Any CPU
		{F8515B63-A5EF-43F0-A64B-F8F0EC198230}.Debug|Any CPU.ActiveCfg = Debug|Any CPU
		{F8515B63-A5EF-43F0-A64B-F8F0EC198230}.Debug|Any CPU.Build.0 = Debug|Any CPU
		{F8515B63-A5EF-43F0-A64B-F8F0EC198230}.Debug|x64.ActiveCfg = Debug|Any CPU
		{F8515B63-A5EF-43F0-A64B-F8F0EC198230}.Debug|x64.Build.0 = Debug|Any CPU
		{F8515B63-A5EF-43F0-A64B-F8F0EC198230}.Debug|x86.ActiveCfg = Debug|Any CPU
		{F8515B63-A5EF-43F0-A64B-F8F0EC198230}.Debug|x86.Build.0 = Debug|Any CPU
		{F8515B63-A5EF-43F0-A64B-F8F0EC198230}.Release|Any CPU.ActiveCfg = Release|Any CPU
		{F8515B63-A5EF-43F0-A64B-F8F0EC198230}.Release|Any CPU.Build.0 = Release|Any CPU
		{F8515B63-A5EF-43F0-A64B-F8F0EC198230}.Release|x64.ActiveCfg = Release|Any CPU
		{F8515B63-A5EF-43F0-A64B-F8F0EC198230}.Release|x64.Build.0 = Release|Any CPU
		{F8515B63-A5EF-43F0-A64B-F8F0EC198230}.Release|x86.ActiveCfg = Release|Any CPU
		{F8515B63-A5EF-43F0-A64B-F8F0EC198230}.Release|x86.Build.0 = Release|Any CPU
	EndGlobalSection
	GlobalSection(SolutionProperties) = preSolution
		HideSolutionNode = FALSE
	EndGlobalSection
	GlobalSection(ExtensibilityGlobals) = postSolution
		SolutionGuid = {B5A88442-3DFB-4EF0-BFCC-255C3E531300}
	EndGlobalSection
EndGlobal
